# Generated by pub
# See https://dart.dev/tools/pub/glossary#lockfile
packages:
  _fe_analyzer_shared:
    dependency: transitive
    description:
      name: _fe_analyzer_shared
      sha256: d93b0378aadce9c1388108067946276582c2ae89426c64c17920c74988508fed
      url: "https://pub.dev"
    source: hosted
    version: "22.0.0"
  analyzer:
    dependency: transitive
    description:
      name: analyzer
      sha256: "581a0281129283e75d4d67d6ac6e391c0515cdce37eb6eb4bc8a52e65d2b16b6"
      url: "https://pub.dev"
    source: hosted
    version: "1.7.2"
  archive:
    dependency: transitive
    description:
      name: archive
      sha256: "781365ca8aedb3203cb99f2abed8a9e89d6aa358e8d038068acb81664e1ccdad"
      url: "https://pub.dev"
    source: hosted
    version: "3.1.8"
  args:
    dependency: transitive
    description:
      name: args
      sha256: "0bd9a99b6eb96f07af141f0eb53eace8983e8e5aa5de59777aca31684680ef22"
      url: "https://pub.dev"
    source: hosted
    version: "2.3.0"
  async:
    dependency: transitive
    description:
      name: async
      sha256: bfe67ef28df125b7dddcea62755991f807aa39a2492a23e1550161692950bbe0
      url: "https://pub.dev"
    source: hosted
    version: "2.10.0"
  boolean_selector:
    dependency: transitive
    description:
      name: boolean_selector
      sha256: "6cfb5af12253eaf2b368f07bacc5a80d1301a071c73360d746b7f2e32d762c66"
      url: "https://pub.dev"
    source: hosted
    version: "2.1.1"
  characters:
    dependency: transitive
    description:
      name: characters
      sha256: e6a326c8af69605aec75ed6c187d06b349707a27fbff8222ca9cc2cff167975c
      url: "https://pub.dev"
    source: hosted
    version: "1.2.1"
  charcode:
    dependency: transitive
    description:
      name: charcode
      sha256: "8e36feea6de5ea69f2199f29cf42a450a855738c498b57c0b980e2d3cca9c362"
      url: "https://pub.dev"
    source: hosted
    version: "1.2.0"
  cli_util:
    dependency: transitive
    description:
      name: cli_util
      sha256: "66f86e916d285c1a93d3b79587d94bd71984a66aac4ff74e524cfa7877f1395c"
      url: "https://pub.dev"
    source: hosted
    version: "0.3.5"
  clock:
    dependency: transitive
    description:
      name: clock
      sha256: cb6d7f03e1de671e34607e909a7213e31d7752be4fb66a86d29fe1eb14bfb5cf
      url: "https://pub.dev"
    source: hosted
    version: "1.1.1"
  cloud_firestore:
    dependency: "direct main"
    description:
      name: cloud_firestore
      sha256: "5d53dd52e92222ef14d4ed14186b381a5feb56f0f35eb110a1997ae5d9e8d214"
      url: "https://pub.dev"
    source: hosted
    version: "3.1.6"
  cloud_firestore_platform_interface:
    dependency: transitive
    description:
      name: cloud_firestore_platform_interface
      sha256: "2308ee92eced38dda615b379df608505a6771b8679c43c2bc1eca8bf23f2655a"
      url: "https://pub.dev"
    source: hosted
    version: "5.4.11"
  cloud_firestore_web:
    dependency: transitive
    description:
      name: cloud_firestore_web
      sha256: "21270feb1ea6520f2d0e343f70ef92c49d5b9e4cb14101e76ba4fbec74943cfc"
      url: "https://pub.dev"
    source: hosted
    version: "2.6.6"
  collection:
    dependency: transitive
    description:
      name: collection
      sha256: cfc915e6923fe5ce6e153b0723c753045de46de1b4d63771530504004a45fae0
      url: "https://pub.dev"
    source: hosted
    version: "1.17.0"
  convert:
    dependency: transitive
    description:
      name: convert
      sha256: f08428ad63615f96a27e34221c65e1a451439b5f26030f78d790f461c686d65d
      url: "https://pub.dev"
    source: hosted
    version: "3.0.1"
  crypto:
    dependency: transitive
    description:
      name: crypto
      sha256: cf75650c66c0316274e21d7c43d3dea246273af5955bd94e8184837cd577575c
      url: "https://pub.dev"
    source: hosted
    version: "3.0.1"
  cupertino_icons:
    dependency: "direct main"
    description:
      name: cupertino_icons
      sha256: "1989d917fbe8e6b39806207df5a3fdd3d816cbd090fac2ce26fb45e9a71476e5"
      url: "https://pub.dev"
    source: hosted
    version: "1.0.4"
  dart_style:
    dependency: transitive
    description:
      name: dart_style
      sha256: "7f5b48e6a448c4b46250a6113857a00eaa82821ef5a3d7f42e68eb69d1283fa3"
      url: "https://pub.dev"
    source: hosted
    version: "2.1.1"
  fake_async:
    dependency: transitive
    description:
      name: fake_async
      sha256: "511392330127add0b769b75a987850d136345d9227c6b94c96a04cf4a391bf78"
      url: "https://pub.dev"
    source: hosted
    version: "1.3.1"
  ffi:
    dependency: transitive
    description:
      name: ffi
      sha256: "35d0f481d939de0d640b3db9a7aa36a52cd22054a798a73b4f50bdad5ce12678"
      url: "https://pub.dev"
    source: hosted
    version: "1.1.2"
  file:
    dependency: transitive
    description:
      name: file
      sha256: b69516f2c26a5bcac4eee2e32512e1a5205ab312b3536c1c1227b2b942b5f9ad
      url: "https://pub.dev"
    source: hosted
    version: "6.1.2"
  firebase_auth:
    dependency: "direct main"
    description:
      name: firebase_auth
      sha256: "86dd8698c9f86ebd70993c6cc6fde886841d3355ed8ecfd8175988cab587f8cb"
      url: "https://pub.dev"
    source: hosted
    version: "3.3.5"
  firebase_auth_platform_interface:
    dependency: transitive
    description:
      name: firebase_auth_platform_interface
      sha256: "135745768861b98e48904f9a3f682346b17c1fb76bc579506239ebd5e7421790"
      url: "https://pub.dev"
    source: hosted
    version: "6.1.10"
  firebase_auth_web:
    dependency: transitive
    description:
      name: firebase_auth_web
      sha256: eb57f54c57917cafd1b947b17987b3e1664bd9795028b71fb0778cbef82a7019
      url: "https://pub.dev"
    source: hosted
    version: "3.3.6"
  firebase_core:
    dependency: "direct main"
    description:
      name: firebase_core
      sha256: "9089e055dbd574b2f75e01506f06c9741b28247ea303bc15c2a8f969931f8553"
      url: "https://pub.dev"
    source: hosted
    version: "1.11.0"
  firebase_core_platform_interface:
    dependency: transitive
    description:
      name: firebase_core_platform_interface
      sha256: e18d9f766904bc56f76f612afed03f838c67eef792895d1f77476974899c226d
      url: "https://pub.dev"
    source: hosted
    version: "4.2.3"
  firebase_core_web:
    dependency: transitive
    description:
      name: firebase_core_web
      sha256: "809fe2671e61664488258567b38e6398b15ca1dd4b73e50f55fbfb1137c54f85"
      url: "https://pub.dev"
    source: hosted
    version: "1.5.3"
  firebase_helpers:
    dependency: "direct main"
    description:
      name: firebase_helpers
      sha256: fc2e9ba214dfc9f7e0c7586ed55139e9e57b5ab6538e6832fc5ff4432258e49f
      url: "https://pub.dev"
    source: hosted
    version: "0.5.0"
  firebase_storage:
    dependency: transitive
    description:
      name: firebase_storage
      sha256: b9b835995f91e933877b7c9e0dc0046e20980b51dfc2d7c1451dc6e3c5195282
      url: "https://pub.dev"
    source: hosted
    version: "10.2.5"
  firebase_storage_platform_interface:
    dependency: transitive
    description:
      name: firebase_storage_platform_interface
      sha256: "2c5cdc36f033a92b507361af357202843faa3a8f12d659cc850607239601aab2"
      url: "https://pub.dev"
    source: hosted
    version: "4.0.12"
  firebase_storage_web:
    dependency: transitive
    description:
      name: firebase_storage_web
      sha256: e04be4bb80318ddb90c0300b94b491b492cf513c0f85660076777d7840bdb0d4
      url: "https://pub.dev"
    source: hosted
    version: "3.2.6"
  flutter:
    dependency: "direct main"
    description: flutter
    source: sdk
    version: "0.0.0"
  flutter_paystack:
    dependency: "direct main"
    description:
      name: flutter_paystack
      sha256: c24e40b9d0ae1f9ea57129aafed8cf96a5c59f7dc326fd063bd35f4482bf9939
      url: "https://pub.dev"
    source: hosted
    version: "1.0.5+1"
  flutter_test:
    dependency: "direct dev"
    description: flutter
    source: sdk
    version: "0.0.0"
  flutter_web_plugins:
    dependency: transitive
    description: flutter
    source: sdk
    version: "0.0.0"
  getwidget:
    dependency: "direct main"
    description:
      name: getwidget
      sha256: "211f7955d7e46595462d2c63eabd42be9eab8081c065ebc2f213fca0535d6ead"
      url: "https://pub.dev"
    source: hosted
    version: "2.0.4"
  glob:
    dependency: transitive
    description:
      name: glob
      sha256: dda85ce2aefce16f7e75586acbcb1e8320bf176f69fd94082e31945d6de67f3e
      url: "https://pub.dev"
    source: hosted
    version: "2.0.1"
  google_place:
    dependency: "direct main"
    description:
      name: google_place
      sha256: "5fc6fae9d881e9a9e851d7b9b2bd2045e60ef801e564162bd90434b5e6f99b12"
      url: "https://pub.dev"
    source: hosted
    version: "0.4.3"
  http:
    dependency: transitive
    description:
      name: http
      sha256: b6f1f143a71e1fe1b34670f1acd6f13960ade2557c96b87e127e0cf661969791
      url: "https://pub.dev"
    source: hosted
    version: "0.13.3"
  http_parser:
    dependency: transitive
    description:
      name: http_parser
      sha256: e362d639ba3bc07d5a71faebb98cde68c05bfbcfbbb444b60b6f60bb67719185
      url: "https://pub.dev"
    source: hosted
    version: "4.0.0"
  intl:
    dependency: transitive
    description:
      name: intl
      sha256: "910f85bce16fb5c6f614e117efa303e85a1731bb0081edf3604a2ae6e9a3cc91"
      url: "https://pub.dev"
    source: hosted
    version: "0.17.0"
  intl_utils:
    dependency: "direct main"
    description:
      name: intl_utils
      sha256: f1d95b849065b5ccb695545a4e607fa6c5d7588576d529ed03ed7009d25027ea
      url: "https://pub.dev"
    source: hosted
    version: "2.4.0"
  js:
    dependency: transitive
    description:
      name: js
      sha256: "5528c2f391ededb7775ec1daa69e65a2d61276f7552de2b5f7b8d34ee9fd4ab7"
      url: "https://pub.dev"
    source: hosted
    version: "0.6.5"
  matcher:
    dependency: transitive
    description:
      name: matcher
      sha256: "16db949ceee371e9b99d22f88fa3a73c4e59fd0afed0bd25fc336eb76c198b72"
      url: "https://pub.dev"
    source: hosted
    version: "0.12.13"
  material_color_utilities:
    dependency: transitive
    description:
      name: material_color_utilities
      sha256: d92141dc6fe1dad30722f9aa826c7fbc896d021d792f80678280601aff8cf724
      url: "https://pub.dev"
    source: hosted
    version: "0.2.0"
  meta:
    dependency: transitive
    description:
      name: meta
      sha256: "6c268b42ed578a53088d834796959e4a1814b5e9e164f147f580a386e5decf42"
      url: "https://pub.dev"
    source: hosted
    version: "1.8.0"
  modal_progress_hud:
    dependency: "direct main"
    description:
      name: modal_progress_hud
      sha256: "798a0e3cc23a23a328d62d673b59bd17bf56f470e35281a3fc38c1db8ae053da"
      url: "https://pub.dev"
    source: hosted
    version: "0.1.3"
  nested:
    dependency: transitive
    description:
      name: nested
      sha256: "03bac4c528c64c95c722ec99280375a6f2fc708eec17c7b3f07253b626cd2a20"
      url: "https://pub.dev"
    source: hosted
    version: "1.0.0"
  package_config:
    dependency: transitive
    description:
      name: package_config
      sha256: a4d5ede5ca9c3d88a2fef1147a078570c861714c806485c596b109819135bc12
      url: "https://pub.dev"
    source: hosted
    version: "2.0.2"
  path:
    dependency: transitive
    description:
      name: path
      sha256: db9d4f58c908a4ba5953fcee2ae317c94889433e5024c27ce74a37f94267945b
      url: "https://pub.dev"
    source: hosted
    version: "1.8.2"
  path_provider_linux:
    dependency: transitive
    description:
      name: path_provider_linux
      sha256: "1e109f4df28bd95eab71e323008b53d19c4d633bc1ab05b577518773474e9621"
      url: "https://pub.dev"
    source: hosted
    version: "2.1.5"
  path_provider_platform_interface:
    dependency: transitive
    description:
      name: path_provider_platform_interface
      sha256: "3dc0d51b07f85fec3746d9f4e8d31c73bb173cafa2e763f03f8df2e8d1878882"
      url: "https://pub.dev"
    source: hosted
    version: "2.0.3"
  path_provider_windows:
    dependency: transitive
    description:
      name: path_provider_windows
      sha256: "366ad4e3541ea707f859e7148d4d5aba67d589d7936cee04a05c464a277eeb27"
      url: "https://pub.dev"
    source: hosted
    version: "2.0.5"
  pedantic:
    dependency: transitive
    description:
      name: pedantic
      sha256: "67fc27ed9639506c856c840ccce7594d0bdcd91bc8d53d6e52359449a1d50602"
      url: "https://pub.dev"
    source: hosted
    version: "1.11.1"
  petitparser:
    dependency: transitive
    description:
      name: petitparser
      sha256: "85e8f8b118afcccf948a9844d199e56260117400bd9b9982d87bf1d62ebc1690"
      url: "https://pub.dev"
    source: hosted
    version: "4.1.0"
  platform:
    dependency: transitive
    description:
      name: platform
      sha256: "4a451831508d7d6ca779f7ac6e212b4023dd5a7d08a27a63da33756410e32b76"
      url: "https://pub.dev"
    source: hosted
    version: "3.1.0"
  plugin_platform_interface:
    dependency: transitive
    description:
      name: plugin_platform_interface
      sha256: "075f927ebbab4262ace8d0b283929ac5410c0ac4e7fc123c76429564facfb757"
      url: "https://pub.dev"
    source: hosted
    version: "2.1.2"
  process:
    dependency: transitive
    description:
      name: process
      sha256: ca157bb5ee3a2dce23ac17bac6d5e54c9d7d1b693f560b606a84aacd2f3c54f8
      url: "https://pub.dev"
    source: hosted
    version: "4.2.3"
  provider:
    dependency: "direct main"
    description:
      name: provider
      sha256: "7896193cf752c40ba7f7732a95264319a787871e5d628225357f5c909182bc06"
      url: "https://pub.dev"
    source: hosted
    version: "6.0.2"
  pub_semver:
    dependency: transitive
    description:
      name: pub_semver
      sha256: b5a5fcc6425ea43704852ba4453ba94b08c2226c63418a260240c3a054579014
      url: "https://pub.dev"
    source: hosted
    version: "2.1.0"
  shared_preferences:
    dependency: "direct main"
    description:
      name: shared_preferences
      sha256: "5b89f6ef98635545fd5aebb1d294dce9cecea69bdb4cdea1adb1b188907dee99"
      url: "https://pub.dev"
    source: hosted
    version: "2.0.7"
  shared_preferences_linux:
    dependency: transitive
    description:
      name: shared_preferences_linux
      sha256: "65e86adba03ba1ecd4a2f3e5d986eac27dbcf5804e0d5e03e029dbf63b5ed3a7"
      url: "https://pub.dev"
    source: hosted
    version: "2.0.4"
  shared_preferences_macos:
    dependency: transitive
    description:
      name: shared_preferences_macos
      sha256: d8c36fedba519cba905d30833b818cde3d52d4e9c7438da4664bd523468bb93f
      url: "https://pub.dev"
    source: hosted
    version: "2.0.2"
  shared_preferences_platform_interface:
    dependency: transitive
    description:
      name: shared_preferences_platform_interface
      sha256: "992f0fdc46d0a3c0ac2e5859f2de0e577bbe51f78a77ee8f357cbe626a2ad32d"
      url: "https://pub.dev"
    source: hosted
    version: "2.0.0"
  shared_preferences_web:
    dependency: transitive
    description:
      name: shared_preferences_web
      sha256: "09da0185028a227d51721cade7a3cbd5cc5f163a19593266f2acba87f729bf9c"
      url: "https://pub.dev"
    source: hosted
    version: "2.0.3"
  shared_preferences_windows:
    dependency: transitive
    description:
      name: shared_preferences_windows
      sha256: a16f85cbad4e23daf83cd188fc53ca19a9b025743e8e2983d9d89ec4c383d6e6
      url: "https://pub.dev"
    source: hosted
    version: "2.0.4"
  shimmer:
    dependency: "direct main"
    description:
      name: shimmer
      sha256: "1f1009b5845a1f88f1c5630212279540486f97409e9fc3f63883e71070d107bf"
      url: "https://pub.dev"
    source: hosted
    version: "2.0.0"
  simple_gesture_detector:
    dependency: transitive
    description:
      name: simple_gesture_detector
      sha256: "7ab8ee2027f4323a1574e9eeda55d4279ae499190e119d6b872b3a52b501eb42"
      url: "https://pub.dev"
    source: hosted
    version: "0.1.6"
  sky_engine:
    dependency: transitive
    description: flutter
    source: sdk
    version: "0.0.99"
  source_span:
    dependency: transitive
    description:
      name: source_span
      sha256: dd904f795d4b4f3b870833847c461801f6750a9fa8e61ea5ac53f9422b31f250
      url: "https://pub.dev"
    source: hosted
    version: "1.9.1"
  stack_trace:
    dependency: transitive
    description:
      name: stack_trace
      sha256: c3c7d8edb15bee7f0f74debd4b9c5f3c2ea86766fe4178eb2a18eb30a0bdaed5
      url: "https://pub.dev"
    source: hosted
    version: "1.11.0"
  stream_channel:
    dependency: transitive
    description:
      name: stream_channel
      sha256: "83615bee9045c1d322bbbd1ba209b7a749c2cbcdcb3fdd1df8eb488b3279c1c8"
      url: "https://pub.dev"
    source: hosted
    version: "2.1.1"
  string_scanner:
    dependency: transitive
    description:
      name: string_scanner
      sha256: "556692adab6cfa87322a115640c11f13cb77b3f076ddcc5d6ae3c20242bedcde"
      url: "https://pub.dev"
    source: hosted
    version: "1.2.0"
  table_calendar:
    dependency: "direct main"
    description:
      name: table_calendar
      sha256: "82dc932c6e07af6e7eeafb2c91e87969746f3b9b59ac222ecf8d75f51c3a4844"
      url: "https://pub.dev"
    source: hosted
    version: "2.3.3"
  term_glyph:
    dependency: transitive
    description:
      name: term_glyph
      sha256: a29248a84fbb7c79282b40b8c72a1209db169a2e0542bce341da992fe1bc7e84
      url: "https://pub.dev"
    source: hosted
    version: "1.2.1"
  test_api:
    dependency: transitive
    description:
      name: test_api
      sha256: ad540f65f92caa91bf21dfc8ffb8c589d6e4dc0c2267818b4cc2792857706206
      url: "https://pub.dev"
    source: hosted
    version: "0.4.16"
  typed_data:
    dependency: transitive
    description:
      name: typed_data
      sha256: "53bdf7e979cfbf3e28987552fd72f637e63f3c8724c9e56d9246942dc2fa36ee"
      url: "https://pub.dev"
    source: hosted
    version: "1.3.0"
  uuid:
    dependency: "direct main"
    description:
      name: uuid
      sha256: "00ba1241ff12e77d8059eeb1f102b35235df01661a6110afd165ab52a0fc7714"
      url: "https://pub.dev"
    source: hosted
    version: "3.0.5"
  vector_math:
    dependency: transitive
    description:
      name: vector_math
      sha256: "80b3257d1492ce4d091729e3a67a60407d227c27241d6927be0130c98e741803"
      url: "https://pub.dev"
    source: hosted
    version: "2.1.4"
  watcher:
    dependency: transitive
    description:
      name: watcher
      sha256: "68173f2fa67d241323a4123be7ed4e43424c54befa5505d71c8ad4b7baf8f71d"
      url: "https://pub.dev"
    source: hosted
    version: "1.0.0"
  win32:
    dependency: transitive
    description:
      name: win32
      sha256: "198196d2f4f7497c3ccf2f7b6bff46c8961ae83cd37f407c60bd29be5267ebaa"
      url: "https://pub.dev"
    source: hosted
    version: "2.2.10"
  xdg_directories:
    dependency: transitive
    description:
      name: xdg_directories
      sha256: "0186b3f2d66be9a12b0295bddcf8b6f8c0b0cc2f85c6287344e2a6366bc28457"
      url: "https://pub.dev"
    source: hosted
    version: "0.2.0"
  yaml:
    dependency: transitive
    description:
      name: yaml
      sha256: "3cee79b1715110341012d27756d9bae38e650588acd38d3f3c610822e1337ace"
      url: "https://pub.dev"
    source: hosted
    version: "3.1.0"
sdks:
  dart: ">=2.18.0 <3.0.0"
  flutter: ">=2.0.0"
